
Microsoft Visual Studio Solution File, Format Version 12.00
# Visual Studio Version 16
VisualStudioVersion = 16.0.30204.135
MinimumVisualStudioVersion = 10.0.40219.1
Project("{FAE04EC0-301F-11D3-BF4B-00C04F79EFBC}") = "BonkApp", "BonkApp\BonkApp.csproj", "{6E87C2D2-89F3-48A9-A259-80B06401E578}"
EndProject
Global
	GlobalSection(SolutionConfigurationPlatforms) = preSolution
		Debug|Any CPU = Debug|Any CPU
		Release|Any CPU = Release|Any CPU
	EndGlobalSection
	GlobalSection(ProjectConfigurationPlatforms) = postSolution
		{6E87C2D2-89F3-48A9-A259-80B06401E578}.Debug|Any CPU.ActiveCfg = Release|Any CPU
		{6E87C2D2-89F3-48A9-A259-80B06401E578}.Debug|Any CPU.Build.0 = Release|Any CPU
		{6E87C2D2-89F3-48A9-A259-80B06401E578}.Release|Any CPU.ActiveCfg = Release|Any CPU
		{6E87C2D2-89F3-48A9-A259-80B06401E578}.Release|Any CPU.Build.0 = Release|Any CPU
	EndGlobalSection
	GlobalSection(SolutionProperties) = preSolution
		HideSolutionNode = FALSE
	EndGlobalSection
	GlobalSection(ExtensibilityGlobals) = postSolution
		SolutionGuid = {CF35EE2C-13B4-4B8F-BE01-18BC233C6920}
	EndGlobalSection
EndGlobal
